{
  "name": "aptos",
  "version": "1.0.0",
  "lockfileVersion": 3,
  "requires": true,
  "packages": {
    "": {
      "name": "aptos",
      "version": "1.0.0",
      "license": "ISC",
      "dependencies": {
        "chingari-aptos": "git+https://npm_chingari:ATBBy8shgJxEHeDCsQPLxMUbCeg929956118@bitbucket.org/sumitghosh/web3-utilities.git#chingari-aptos"
      }
    },
    "node_modules/aptos": {
      "resolved": "node_modules/chingari-aptos/sdk",
      "link": true
    },
    "node_modules/Buffer": {
      "version": "0.0.0",
      "resolved": "https://registry.npmjs.org/Buffer/-/Buffer-0.0.0.tgz",
      "integrity": "sha512-+zdncl8lI5TCkARStn9F1BwcuJYofYmD0oEHe5FNfCvGfeDJwf6+dSikCdQN6BMXXmHMhNNUagBN367WST1AIQ==",
      "engines": {
        "node": ">= 0.2.0"
      }
    },
    "node_modules/chingari-aptos": {
      "version": "1.0.0",
      "resolved": "git+https://npm_chingari:ATBBy8shgJxEHeDCsQPLxMUbCeg929956118@bitbucket.org/sumitghosh/web3-utilities.git#42186e65816cccbb3a476ef032e6eeca6e6baf55",
      "hasInstallScript": true,
      "license": "ISC",
      "dependencies": {
        "aptos": "file:sdk",
        "Buffer": "^0.0.0",
        "dotenv": "^16.0.3",
        "pnpm": "^7.30.0"
      }
    },
    "node_modules/chingari-aptos/sdk": {},
    "node_modules/dotenv": {
      "version": "16.0.3",
      "resolved": "https://registry.npmjs.org/dotenv/-/dotenv-16.0.3.tgz",
      "integrity": "sha512-7GO6HghkA5fYG9TYnNxi14/7K9f5occMlp3zXAuSxn7CKCxt9xbNWG7yF8hTCSUchlfWSe3uLmlPfigevRItzQ==",
      "engines": {
        "node": ">=12"
      }
    },
    "node_modules/pnpm": {
      "version": "7.30.5",
      "resolved": "https://registry.npmjs.org/pnpm/-/pnpm-7.30.5.tgz",
      "integrity": "sha512-kXiH7+iGhDcm3UVhjb4pzbRYljoT2KVR8WFL37b+c15F9CuaLau0RTozrXx/9snf1JEmGICjRnMM2XArmM01sg==",
      "bin": {
        "pnpm": "bin/pnpm.cjs",
        "pnpx": "bin/pnpx.cjs"
      },
      "engines": {
        "node": ">=14.6"
      },
      "funding": {
        "url": "https://opencollective.com/pnpm"
      }
    }
  }
}
